<?xml version="1.0" encoding="utf-8"?>
<Project ToolsVersion="4.0" xmlns="http://schemas.microsoft.com/developer/msbuild/2003">
  <ItemGroup>
    <Filter Include="include">
      <UniqueIdentifier>{7447381a-ccef-43a4-b28c-9681e28d9053}</UniqueIdentifier>
    </Filter>
  </ItemGroup>
  <ItemGroup>
    <ClInclude Include="..\inc\enums.h">
      <Filter>include</Filter>
    </ClInclude>
    <ClInclude Include="..\inc\main.h">
      <Filter>include</Filter>
    </ClInclude>
    <ClInclude Include="..\inc\nativeCaller.h">
      <Filter>include</Filter>
    </ClInclude>
    <ClInclude Include="..\inc\natives.h">
      <Filter>include</Filter>
    </ClInclude>
    <ClInclude Include="..\inc\types.h">
      <Filter>include</Filter>
    </ClInclude>
    <ClInclude Include="script.h" />
    <ClInclude Include="keyboard.h" />
    <ClInclude Include="timer.h" />
    <ClInclude Include="slvehicle.h" />
  </ItemGroup>
  <ItemGroup>
    <ClCompile Include="main.cpp" />
    <ClCompile Include="script.cpp" />
    <ClCompile Include="keyboard.cpp" />
    <ClCompile Include="slvehicle.cpp" />
  </ItemGroup>
</Project>